
Microsoft Visual Studio Solution File, Format Version 9.00
# Visual Studio 2005
Project("{FAE04EC0-301F-11D3-BF4B-00C04F79EFBC}") = "OrderedAlgorithm", "OrderedAlgorithm\OrderedAlgorithm.csproj", "{59BC3B31-DC4E-42F2-9075-A9E5BCB6EBFF}"
EndProject
Global
	GlobalSection(SolutionConfigurationPlatforms) = preSolution
		Debug|Any CPU = Debug|Any CPU
		Release|Any CPU = Release|Any CPU
	EndGlobalSection
	GlobalSection(ProjectConfigurationPlatforms) = postSolution
		{59BC3B31-DC4E-42F2-9075-A9E5BCB6EBFF}.Debug|Any CPU.ActiveCfg = Debug|Any CPU
		{59BC3B31-DC4E-42F2-9075-A9E5BCB6EBFF}.Debug|Any CPU.Build.0 = Debug|Any CPU
		{59BC3B31-DC4E-42F2-9075-A9E5BCB6EBFF}.Release|Any CPU.ActiveCfg = Release|Any CPU
		{59BC3B31-DC4E-42F2-9075-A9E5BCB6EBFF}.Release|Any CPU.Build.0 = Release|Any CPU
	EndGlobalSection
	GlobalSection(SolutionProperties) = preSolution
		HideSolutionNode = FALSE
	EndGlobalSection
EndGlobal
